
Microsoft Visual Studio Solution File, Format Version 12.00
# Visual Studio Version 17
VisualStudioVersion = 17.6.33723.286
MinimumVisualStudioVersion = 10.0.40219.1
Project("{FAE04EC0-301F-11D3-BF4B-00C04F79EFBC}") = "CrmCodeGenerator.VSPackage", "CrmCodeGenerator.VSPackage\CrmCodeGenerator.VSPackage.csproj", "{474A5BC2-BEFF-4F74-A029-7ED81B6633A8}"
EndProject
Project("{FAE04EC0-301F-11D3-BF4B-00C04F79EFBC}") = "CrmCodeGenerator.Controls", "CrmCodeGenerator.Controls\CrmCodeGenerator.Controls.csproj", "{CE17A54E-0661-429F-AFDC-272E8668B14E}"
EndProject
Project("{FAE04EC0-301F-11D3-BF4B-00C04F79EFBC}") = "Yagasoft.CrmCodeGenerator", "Yagasoft.CrmCodeGenerator\Yagasoft.CrmCodeGenerator.csproj", "{5D60D484-014F-4BE1-9642-A7904604541A}"
EndProject
Project("{2150E333-8FDC-42A3-9474-1A3956D46DE8}") = "Solution Items", "Solution Items", "{5584A567-3DD9-4B51-8457-0389EE7C622A}"
	ProjectSection(SolutionItems) = preProject
		.editorconfig = .editorconfig
	EndProjectSection
EndProject
Global
	GlobalSection(SolutionConfigurationPlatforms) = preSolution
		Debug|Any CPU = Debug|Any CPU
		Debug|arm64 = Debug|arm64
		Debug|Mixed Platforms = Debug|Mixed Platforms
		Debug|x86 = Debug|x86
		Release|Any CPU = Release|Any CPU
		Release|arm64 = Release|arm64
		Release|Mixed Platforms = Release|Mixed Platforms
		Release|x86 = Release|x86
	EndGlobalSection
	GlobalSection(ProjectConfigurationPlatforms) = postSolution
		{474A5BC2-BEFF-4F74-A029-7ED81B6633A8}.Debug|Any CPU.ActiveCfg = Debug|Any CPU
		{474A5BC2-BEFF-4F74-A029-7ED81B6633A8}.Debug|Any CPU.Build.0 = Debug|Any CPU
		{474A5BC2-BEFF-4F74-A029-7ED81B6633A8}.Debug|arm64.ActiveCfg = Debug|arm64
		{474A5BC2-BEFF-4F74-A029-7ED81B6633A8}.Debug|arm64.Build.0 = Debug|arm64
		{474A5BC2-BEFF-4F74-A029-7ED81B6633A8}.Debug|Mixed Platforms.ActiveCfg = Debug|Any CPU
		{474A5BC2-BEFF-4F74-A029-7ED81B6633A8}.Debug|Mixed Platforms.Build.0 = Debug|Any CPU
		{474A5BC2-BEFF-4F74-A029-7ED81B6633A8}.Debug|x86.ActiveCfg = Debug|Any CPU
		{474A5BC2-BEFF-4F74-A029-7ED81B6633A8}.Release|Any CPU.ActiveCfg = Release|Any CPU
		{474A5BC2-BEFF-4F74-A029-7ED81B6633A8}.Release|Any CPU.Build.0 = Release|Any CPU
		{474A5BC2-BEFF-4F74-A029-7ED81B6633A8}.Release|arm64.ActiveCfg = Release|arm64
		{474A5BC2-BEFF-4F74-A029-7ED81B6633A8}.Release|arm64.Build.0 = Release|arm64
		{474A5BC2-BEFF-4F74-A029-7ED81B6633A8}.Release|Mixed Platforms.ActiveCfg = Release|Any CPU
		{474A5BC2-BEFF-4F74-A029-7ED81B6633A8}.Release|Mixed Platforms.Build.0 = Release|Any CPU
		{474A5BC2-BEFF-4F74-A029-7ED81B6633A8}.Release|x86.ActiveCfg = Release|Any CPU
		{CE17A54E-0661-429F-AFDC-272E8668B14E}.Debug|Any CPU.ActiveCfg = Debug|Any CPU
		{CE17A54E-0661-429F-AFDC-272E8668B14E}.Debug|Any CPU.Build.0 = Debug|Any CPU
		{CE17A54E-0661-429F-AFDC-272E8668B14E}.Debug|arm64.ActiveCfg = Debug|Any CPU
		{CE17A54E-0661-429F-AFDC-272E8668B14E}.Debug|arm64.Build.0 = Debug|Any CPU
		{CE17A54E-0661-429F-AFDC-272E8668B14E}.Debug|Mixed Platforms.ActiveCfg = Debug|Any CPU
		{CE17A54E-0661-429F-AFDC-272E8668B14E}.Debug|Mixed Platforms.Build.0 = Debug|Any CPU
		{CE17A54E-0661-429F-AFDC-272E8668B14E}.Debug|x86.ActiveCfg = Debug|Any CPU
		{CE17A54E-0661-429F-AFDC-272E8668B14E}.Release|Any CPU.ActiveCfg = Release|Any CPU
		{CE17A54E-0661-429F-AFDC-272E8668B14E}.Release|Any CPU.Build.0 = Release|Any CPU
		{CE17A54E-0661-429F-AFDC-272E8668B14E}.Release|arm64.ActiveCfg = Release|Any CPU
		{CE17A54E-0661-429F-AFDC-272E8668B14E}.Release|arm64.Build.0 = Release|Any CPU
		{CE17A54E-0661-429F-AFDC-272E8668B14E}.Release|Mixed Platforms.ActiveCfg = Release|Any CPU
		{CE17A54E-0661-429F-AFDC-272E8668B14E}.Release|Mixed Platforms.Build.0 = Release|Any CPU
		{CE17A54E-0661-429F-AFDC-272E8668B14E}.Release|x86.ActiveCfg = Release|Any CPU
		{5D60D484-014F-4BE1-9642-A7904604541A}.Debug|Any CPU.ActiveCfg = Debug|Any CPU
		{5D60D484-014F-4BE1-9642-A7904604541A}.Debug|Any CPU.Build.0 = Debug|Any CPU
		{5D60D484-014F-4BE1-9642-A7904604541A}.Debug|arm64.ActiveCfg = Debug|Any CPU
		{5D60D484-014F-4BE1-9642-A7904604541A}.Debug|arm64.Build.0 = Debug|Any CPU
		{5D60D484-014F-4BE1-9642-A7904604541A}.Debug|Mixed Platforms.ActiveCfg = Debug|Any CPU
		{5D60D484-014F-4BE1-9642-A7904604541A}.Debug|Mixed Platforms.Build.0 = Debug|Any CPU
		{5D60D484-014F-4BE1-9642-A7904604541A}.Debug|x86.ActiveCfg = Debug|Any CPU
		{5D60D484-014F-4BE1-9642-A7904604541A}.Debug|x86.Build.0 = Debug|Any CPU
		{5D60D484-014F-4BE1-9642-A7904604541A}.Release|Any CPU.ActiveCfg = Release|Any CPU
		{5D60D484-014F-4BE1-9642-A7904604541A}.Release|Any CPU.Build.0 = Release|Any CPU
		{5D60D484-014F-4BE1-9642-A7904604541A}.Release|arm64.ActiveCfg = Release|Any CPU
		{5D60D484-014F-4BE1-9642-A7904604541A}.Release|arm64.Build.0 = Release|Any CPU
		{5D60D484-014F-4BE1-9642-A7904604541A}.Release|Mixed Platforms.ActiveCfg = Release|Any CPU
		{5D60D484-014F-4BE1-9642-A7904604541A}.Release|Mixed Platforms.Build.0 = Release|Any CPU
		{5D60D484-014F-4BE1-9642-A7904604541A}.Release|x86.ActiveCfg = Release|Any CPU
		{5D60D484-014F-4BE1-9642-A7904604541A}.Release|x86.Build.0 = Release|Any CPU
	EndGlobalSection
	GlobalSection(SolutionProperties) = preSolution
		HideSolutionNode = FALSE
	EndGlobalSection
	GlobalSection(ExtensibilityGlobals) = postSolution
		SolutionGuid = {28FA71F2-E2E4-43D6-97FC-39E9778C3026}
		VisualSVNWorkingCopyRoot = .
	EndGlobalSection
	GlobalSection(CrmCodeGeneration) = preSolution
		UseSSL = True
		UseIFD = False
		UseOnline = False
		UseOffice365 = False
		ServerName = disco.crm.dynamics.com
		ServerPort = 443
		HomeRealm = 
		Domain = 
		Organization = DEV-CRM
		IncludeEntities = account,contact,lead,opportunity,systemuser
		IncludeNonStandard = False
	EndGlobalSection
EndGlobal
